
Microsoft Visual Studio Solution File, Format Version 12.00
# Visual Studio Version 16
VisualStudioVersion = 16.0.31424.327
MinimumVisualStudioVersion = 10.0.40219.1
Project("{9A19103F-16F7-4668-BE54-9A1E7A4F7556}") = "EstudoGenerics", "EstudoGenerics\EstudoGenerics.csproj", "{1C9C971D-1B9B-4112-8B0E-65E039DE8761}"
EndProject
Project("{9A19103F-16F7-4668-BE54-9A1E7A4F7556}") = "EstudoXML", "EstudoXML\EstudoXML.csproj", "{DC5935AD-F8F7-4F6E-AE0B-833DEEE6F40A}"
EndProject
Project("{FAE04EC0-301F-11D3-BF4B-00C04F79EFBC}") = "AgendaADONET", "AgendaADONET\AgendaADONET.csproj", "{96AC6786-9032-4F40-950E-3A2CF026F79B}"
EndProject
Global
	GlobalSection(SolutionConfigurationPlatforms) = preSolution
		Debug|Any CPU = Debug|Any CPU
		Release|Any CPU = Release|Any CPU
	EndGlobalSection
	GlobalSection(ProjectConfigurationPlatforms) = postSolution
		{1C9C971D-1B9B-4112-8B0E-65E039DE8761}.Debug|Any CPU.ActiveCfg = Debug|Any CPU
		{1C9C971D-1B9B-4112-8B0E-65E039DE8761}.Debug|Any CPU.Build.0 = Debug|Any CPU
		{1C9C971D-1B9B-4112-8B0E-65E039DE8761}.Release|Any CPU.ActiveCfg = Release|Any CPU
		{1C9C971D-1B9B-4112-8B0E-65E039DE8761}.Release|Any CPU.Build.0 = Release|Any CPU
		{DC5935AD-F8F7-4F6E-AE0B-833DEEE6F40A}.Debug|Any CPU.ActiveCfg = Debug|Any CPU
		{DC5935AD-F8F7-4F6E-AE0B-833DEEE6F40A}.Debug|Any CPU.Build.0 = Debug|Any CPU
		{DC5935AD-F8F7-4F6E-AE0B-833DEEE6F40A}.Release|Any CPU.ActiveCfg = Release|Any CPU
		{DC5935AD-F8F7-4F6E-AE0B-833DEEE6F40A}.Release|Any CPU.Build.0 = Release|Any CPU
		{96AC6786-9032-4F40-950E-3A2CF026F79B}.Debug|Any CPU.ActiveCfg = Debug|Any CPU
		{96AC6786-9032-4F40-950E-3A2CF026F79B}.Debug|Any CPU.Build.0 = Debug|Any CPU
		{96AC6786-9032-4F40-950E-3A2CF026F79B}.Release|Any CPU.ActiveCfg = Release|Any CPU
		{96AC6786-9032-4F40-950E-3A2CF026F79B}.Release|Any CPU.Build.0 = Release|Any CPU
	EndGlobalSection
	GlobalSection(SolutionProperties) = preSolution
		HideSolutionNode = FALSE
	EndGlobalSection
	GlobalSection(ExtensibilityGlobals) = postSolution
		SolutionGuid = {CFC5AE25-F04F-4EF1-AC01-06A386BAFFF6}
	EndGlobalSection
EndGlobal
